<?xml version="1.0" encoding="UTF-8"?>
<CONFIG>
  <ProjectOptions>
    <Version Value="9"/>
    <General>
      <MainUnit Value="0"/>
      <Title Value="Project Helena"/>
      <UseXPManifest Value="True"/>
      <Icon Value="0"/>
      <ActiveWindowIndexAtStart Value="1"/>
    </General>
    <BuildModes Count="3" Active="Release">
      <Item1 Name="default" Default="True"/>
      <Item2 Name="Debug">
        <CompilerOptions>
          <Version Value="11"/>
          <Target>
            <Filename Value="projecthelena"/>
          </Target>
          <SearchPaths>
            <IncludeFiles Value="$(ProjOutDir)"/>
            <UnitOutputDirectory Value="lib/$(TargetCPU)-$(TargetOS)"/>
          </SearchPaths>
          <Parsing>
            <SyntaxOptions>
              <IncludeAssertionCode Value="True"/>
              <UseAnsiStrings Value="False"/>
            </SyntaxOptions>
          </Parsing>
          <CodeGeneration>
            <Checks>
              <IOChecks Value="True"/>
              <RangeChecks Value="True"/>
              <OverflowChecks Value="True"/>
              <StackChecks Value="True"/>
            </Checks>
          </CodeGeneration>
          <Linking>
            <Debugging>
              <DebugInfoType Value="dsDwarf2Set"/>
              <UseHeaptrc Value="True"/>
              <UseExternalDbgSyms Value="True"/>
            </Debugging>
            <Options>
              <Win32>
                <GraphicApplication Value="True"/>
              </Win32>
            </Options>
          </Linking>
        </CompilerOptions>
      </Item2>
      <Item3 Name="Release">
        <CompilerOptions>
          <Version Value="11"/>
          <Target>
            <Filename Value="projecthelena"/>
          </Target>
          <SearchPaths>
            <IncludeFiles Value="$(ProjOutDir)"/>
            <UnitOutputDirectory Value="lib/$(TargetCPU)-$(TargetOS)"/>
          </SearchPaths>
          <Parsing>
            <SyntaxOptions>
              <UseAnsiStrings Value="False"/>
            </SyntaxOptions>
          </Parsing>
          <CodeGeneration>
            <SmartLinkUnit Value="True"/>
            <Optimizations>
              <OptimizationLevel Value="3"/>
            </Optimizations>
          </CodeGeneration>
          <Linking>
            <Debugging>
              <GenerateDebugInfo Value="False"/>
            </Debugging>
            <LinkSmart Value="True"/>
            <Options>
              <Win32>
                <GraphicApplication Value="True"/>
              </Win32>
            </Options>
          </Linking>
        </CompilerOptions>
      </Item3>
    </BuildModes>
    <PublishOptions>
      <Version Value="2"/>
      <IncludeFileFilter Value="*.(pas|pp|inc|lfm|lpr|lrs|lpi|lpk|sh|xml)"/>
      <ExcludeFileFilter Value="*.(bak|ppu|o|so);*~;backup"/>
    </PublishOptions>
    <RunParams>
      <local>
        <FormatVersion Value="1"/>
        <LaunchingApplication PathPlusParams="/usr/X11R6/bin/xterm -T 'Lazarus Run Output' -e $(LazarusDir)/tools/runwait.sh $(TargetCmdLine)"/>
      </local>
    </RunParams>
    <RequiredPackages Count="3">
      <Item1>
        <PackageName Value="castle_base"/>
      </Item1>
      <Item2>
        <PackageName Value="castle_components"/>
      </Item2>
      <Item3>
        <PackageName Value="LCL"/>
      </Item3>
    </RequiredPackages>
    <Units Count="27">
      <Unit0>
        <Filename Value="projecthelena.lpr"/>
        <IsPartOfProject Value="True"/>
        <EditorIndex Value="-1"/>
        <CursorPos X="3" Y="18"/>
        <UsageCount Value="200"/>
      </Unit0>
      <Unit1>
        <Filename Value="../YELENA0-130605-1/unit1.pas"/>
        <ComponentName Value="Form1"/>
        <HasResources Value="True"/>
        <ResourceBaseClass Value="Form"/>
        <TopLine Value="1908"/>
        <CursorPos Y="1915"/>
        <UsageCount Value="151"/>
      </Unit1>
      <Unit2>
        <Filename Value="/usr/lib/lazarus/0.9.30.4/lcl/include/customimage.inc"/>
        <TopLine Value="36"/>
        <CursorPos Y="48"/>
        <UsageCount Value="3"/>
      </Unit2>
      <Unit3>
        <Filename Value="/usr/lib/lazarus/0.9.30.4/lcl/include/canvas.inc"/>
        <TopLine Value="1668"/>
        <CursorPos X="16" Y="1683"/>
        <UsageCount Value="3"/>
      </Unit3>
      <Unit4>
        <Filename Value="/usr/lib/lazarus/0.9.30.4/lcl/controls.pp"/>
        <TopLine Value="133"/>
        <CursorPos X="25" Y="145"/>
        <UsageCount Value="6"/>
      </Unit4>
      <Unit5>
        <Filename Value="/usr/share/fpcsrc/2.4.0/rtl/objpas/classes/classesh.inc"/>
        <TopLine Value="91"/>
        <CursorPos X="29" Y="103"/>
        <UsageCount Value="3"/>
      </Unit5>
      <Unit6>
        <Filename Value="/usr/lib/lazarus/0.9.28.2/lcl/include/scrollbar.inc"/>
        <TopLine Value="89"/>
        <CursorPos Y="108"/>
        <UsageCount Value="5"/>
      </Unit6>
      <Unit7>
        <Filename Value="unit1.pas"/>
        <IsPartOfProject Value="True"/>
        <ComponentName Value="Form1"/>
        <HasResources Value="True"/>
        <ResourceBaseClass Value="Form"/>
        <UnitName Value="Unit1"/>
        <IsVisibleTab Value="True"/>
        <WindowIndex Value="1"/>
        <TopLine Value="4085"/>
        <CursorPos X="46" Y="4098"/>
        <ExtraEditorCount Value="1"/>
        <ExtraEditor1>
          <IsVisibleTab Value="True"/>
          <TopLine Value="5784"/>
          <CursorPos X="40" Y="5791"/>
        </ExtraEditor1>
        <UsageCount Value="202"/>
        <Loaded Value="True"/>
        <LoadedDesigner Value="True"/>
      </Unit7>
      <Unit8>
        <Filename Value="C:/lazarus/lcl/include/customform.inc"/>
        <TopLine Value="474"/>
        <CursorPos Y="484"/>
        <UsageCount Value="1"/>
      </Unit8>
      <Unit9>
        <Filename Value="E:/Programs/lazarus/lcl/dialogs.pp"/>
        <TopLine Value="607"/>
        <CursorPos X="22" Y="623"/>
        <UsageCount Value="4"/>
      </Unit9>
      <Unit10>
        <Filename Value="E:/Programs/lazarus/lcl/interfaces/gtk2/gtk2int.pas"/>
        <TopLine Value="46"/>
        <CursorPos X="36" Y="58"/>
        <UsageCount Value="5"/>
      </Unit10>
      <Unit11>
        <Filename Value="E:/Programs/lazarus/lcl/interfaces/gtk/gtkdefines.inc"/>
        <TopLine Value="69"/>
        <CursorPos X="6" Y="79"/>
        <UsageCount Value="5"/>
      </Unit11>
      <Unit12>
        <Filename Value="../../decoherence/castle_game_engine-5.0.0-src/castle_game_engine/src/base/castlerectangles.pas"/>
        <EditorIndex Value="-1"/>
        <TopLine Value="101"/>
        <CursorPos X="10" Y="113"/>
        <UsageCount Value="6"/>
      </Unit12>
      <Unit13>
        <Filename Value="../../decoherence/castle_game_engine-5.0.0-src/castle_game_engine/src/base/castlevectors.pas"/>
        <EditorIndex Value="-1"/>
        <TopLine Value="253"/>
        <CursorPos X="3" Y="262"/>
        <UsageCount Value="6"/>
      </Unit13>
      <Unit14>
        <Filename Value="E:/lazarus/fpc/2.6.4/source/rtl/inc/matrix.pp"/>
        <EditorIndex Value="-1"/>
        <TopLine Value="37"/>
        <CursorPos X="9" Y="46"/>
        <UsageCount Value="6"/>
      </Unit14>
      <Unit15>
        <Filename Value="../../castle_game_engine-5.1.2/src/images/images_png.inc"/>
        <EditorIndex Value="-1"/>
        <TopLine Value="83"/>
        <CursorPos Y="89"/>
        <UsageCount Value="6"/>
      </Unit15>
      <Unit16>
        <Filename Value="../../castle_game_engine-5.1.2/src/audio/castlevorbisdecoder.pas"/>
        <EditorIndex Value="-1"/>
        <TopLine Value="103"/>
        <CursorPos X="19" Y="112"/>
        <UsageCount Value="9"/>
      </Unit16>
      <Unit17>
        <Filename Value="../../castle_game_engine-5.1.2/src/audio/castlevorbiscodec.pas"/>
        <EditorIndex Value="-1"/>
        <TopLine Value="127"/>
        <UsageCount Value="9"/>
      </Unit17>
      <Unit18>
        <Filename Value="../../castle_game_engine-5.1.2/src/audio/castlevorbisfile.pas"/>
        <EditorIndex Value="-1"/>
        <TopLine Value="202"/>
        <CursorPos X="27" Y="212"/>
        <UsageCount Value="9"/>
      </Unit18>
      <Unit19>
        <Filename Value="../../castle_game_engine-5.1.2/src/audio/castleopenal.pas"/>
        <EditorIndex Value="-1"/>
        <TopLine Value="99"/>
        <CursorPos X="63" Y="117"/>
        <UsageCount Value="9"/>
      </Unit19>
      <Unit20>
        <Filename Value="../../castle_game_engine-5.1.2/src/base/castlezlib.pas"/>
        <EditorIndex Value="-1"/>
        <TopLine Value="21"/>
        <CursorPos Y="35"/>
        <UsageCount Value="9"/>
      </Unit20>
      <Unit21>
        <Filename Value="../../castle_game_engine-5.1.2/src/images/castleimages.pas"/>
        <EditorIndex Value="-1"/>
        <TopLine Value="1114"/>
        <CursorPos X="38" Y="1127"/>
        <UsageCount Value="11"/>
      </Unit21>
      <Unit22>
        <Filename Value="../../castle_game_engine-5.1.2/src/fonts/castlefreetype.pas"/>
        <EditorIndex Value="-1"/>
        <CursorPos X="53" Y="12"/>
        <UsageCount Value="10"/>
      </Unit22>
      <Unit23>
        <Filename Value="../../castle_game_engine-5.1.2/src/ui/opengl/castlecontrols.pas"/>
        <EditorIndex Value="-1"/>
        <TopLine Value="2628"/>
        <CursorPos Y="2637"/>
        <UsageCount Value="10"/>
      </Unit23>
      <Unit24>
        <Filename Value="/home/eugene/castle_game_engine/src/images/castleimages.pas"/>
        <EditorIndex Value="-1"/>
        <TopLine Value="1143"/>
        <CursorPos X="5" Y="1123"/>
        <UsageCount Value="11"/>
      </Unit24>
      <Unit25>
        <Filename Value="E:/lazarus/fpc/2.6.4/source/rtl/inc/systemh.inc"/>
        <EditorIndex Value="-1"/>
        <TopLine Value="298"/>
        <CursorPos X="3" Y="307"/>
        <UsageCount Value="10"/>
      </Unit25>
      <Unit26>
        <Filename Value="../../castle_game_engine-5.1.2/src/base/castlevectors.pas"/>
        <EditorIndex Value="-1"/>
        <TopLine Value="253"/>
        <CursorPos X="3" Y="262"/>
        <UsageCount Value="10"/>
      </Unit26>
    </Units>
    <JumpHistory Count="30" HistoryIndex="29">
      <Position1>
        <Filename Value="unit1.pas"/>
        <Caret Line="3518" Column="31" TopLine="3506"/>
      </Position1>
      <Position2>
        <Filename Value="unit1.pas"/>
        <Caret Line="3519" Column="31" TopLine="3507"/>
      </Position2>
      <Position3>
        <Filename Value="unit1.pas"/>
        <Caret Line="3757" Column="75" TopLine="3751"/>
      </Position3>
      <Position4>
        <Filename Value="unit1.pas"/>
        <Caret Line="3793" Column="14" TopLine="3781"/>
      </Position4>
      <Position5>
        <Filename Value="unit1.pas"/>
        <Caret Line="3932" Column="56" TopLine="3920"/>
      </Position5>
      <Position6>
        <Filename Value="unit1.pas"/>
        <Caret Line="4122" Column="12" TopLine="4110"/>
      </Position6>
      <Position7>
        <Filename Value="unit1.pas"/>
        <Caret Line="5011" Column="26" TopLine="5005"/>
      </Position7>
      <Position8>
        <Filename Value="unit1.pas"/>
        <Caret Line="5013" Column="30" TopLine="5005"/>
      </Position8>
      <Position9>
        <Filename Value="unit1.pas"/>
        <Caret Line="5069" Column="27" TopLine="5063"/>
      </Position9>
      <Position10>
        <Filename Value="unit1.pas"/>
        <Caret Line="5205" TopLine="5205"/>
      </Position10>
      <Position11>
        <Filename Value="unit1.pas"/>
        <Caret Line="313" Column="7" TopLine="306"/>
      </Position11>
      <Position12>
        <Filename Value="unit1.pas"/>
        <Caret Line="321" Column="7" TopLine="309"/>
      </Position12>
      <Position13>
        <Filename Value="unit1.pas"/>
        <Caret Line="1894" Column="22" TopLine="1885"/>
      </Position13>
      <Position14>
        <Filename Value="unit1.pas"/>
        <Caret Line="1896" Column="9" TopLine="1885"/>
      </Position14>
      <Position15>
        <Filename Value="unit1.pas"/>
        <Caret Line="1903" Column="61" TopLine="1891"/>
      </Position15>
      <Position16>
        <Filename Value="unit1.pas"/>
        <Caret Line="1904" Column="44" TopLine="1892"/>
      </Position16>
      <Position17>
        <Filename Value="unit1.pas"/>
        <Caret Line="1909" Column="12" TopLine="1897"/>
      </Position17>
      <Position18>
        <Filename Value="unit1.pas"/>
        <Caret Line="1919" Column="15" TopLine="1907"/>
      </Position18>
      <Position19>
        <Filename Value="unit1.pas"/>
        <Caret Line="1924" Column="15" TopLine="1912"/>
      </Position19>
      <Position20>
        <Filename Value="unit1.pas"/>
        <Caret Line="1932" Column="15" TopLine="1920"/>
      </Position20>
      <Position21>
        <Filename Value="unit1.pas"/>
        <Caret Line="1935" Column="15" TopLine="1923"/>
      </Position21>
      <Position22>
        <Filename Value="unit1.pas"/>
        <Caret Line="1940" Column="15" TopLine="1928"/>
      </Position22>
      <Position23>
        <Filename Value="unit1.pas"/>
        <Caret Line="1943" Column="15" TopLine="1931"/>
      </Position23>
      <Position24>
        <Filename Value="unit1.pas"/>
        <Caret Line="1950" Column="12" TopLine="1938"/>
      </Position24>
      <Position25>
        <Filename Value="unit1.pas"/>
        <Caret Line="1989" Column="20" TopLine="1984"/>
      </Position25>
      <Position26>
        <Filename Value="unit1.pas"/>
        <Caret Line="2848" Column="20" TopLine="2839"/>
      </Position26>
      <Position27>
        <Filename Value="unit1.pas"/>
      </Position27>
      <Position28>
        <Filename Value="unit1.pas"/>
        <Caret Line="5103" Column="87" TopLine="5093"/>
      </Position28>
      <Position29>
        <Filename Value="unit1.pas"/>
        <Caret Line="5104" Column="56" TopLine="5096"/>
      </Position29>
      <Position30>
        <Filename Value="unit1.pas"/>
      </Position30>
    </JumpHistory>
  </ProjectOptions>
  <CompilerOptions>
    <Version Value="11"/>
    <Target>
      <Filename Value="projecthelena"/>
    </Target>
    <SearchPaths>
      <IncludeFiles Value="$(ProjOutDir)"/>
      <UnitOutputDirectory Value="lib/$(TargetCPU)-$(TargetOS)"/>
    </SearchPaths>
    <Parsing>
      <SyntaxOptions>
        <UseAnsiStrings Value="False"/>
      </SyntaxOptions>
    </Parsing>
    <Linking>
      <Options>
        <Win32>
          <GraphicApplication Value="True"/>
        </Win32>
      </Options>
    </Linking>
  </CompilerOptions>
  <Debugging>
    <Exceptions Count="3">
      <Item1>
        <Name Value="EAbort"/>
      </Item1>
      <Item2>
        <Name Value="ECodetoolError"/>
      </Item2>
      <Item3>
        <Name Value="EFOpenError"/>
      </Item3>
    </Exceptions>
  </Debugging>
</CONFIG>
