<?xml version="1.0"?>
<CONFIG>
  <ProjectOptions>
    <Version Value="9"/>
    <General>
      <MainUnit Value="0"/>
      <Title Value="Project Helena"/>
      <UseXPManifest Value="True"/>
      <Icon Value="0"/>
      <ActiveWindowIndexAtStart Value="0"/>
    </General>
    <BuildModes Count="1">
      <Item1 Name="default" Default="True"/>
    </BuildModes>
    <PublishOptions>
      <Version Value="2"/>
      <IncludeFileFilter Value="*.(pas|pp|inc|lfm|lpr|lrs|lpi|lpk|sh|xml)"/>
      <ExcludeFileFilter Value="*.(bak|ppu|o|so);*~;backup"/>
    </PublishOptions>
    <RunParams>
      <local>
        <FormatVersion Value="1"/>
        <LaunchingApplication PathPlusParams="/usr/X11R6/bin/xterm -T 'Lazarus Run Output' -e $(LazarusDir)/tools/runwait.sh $(TargetCmdLine)"/>
      </local>
    </RunParams>
    <RequiredPackages Count="1">
      <Item1>
        <PackageName Value="LCL"/>
      </Item1>
    </RequiredPackages>
    <Units Count="10">
      <Unit0>
        <Filename Value="projecthelena.lpr"/>
        <IsPartOfProject Value="True"/>
        <UnitName Value="projecthelena"/>
        <WindowIndex Value="0"/>
        <TopLine Value="1"/>
        <CursorPos X="36" Y="3"/>
        <UsageCount Value="200"/>
      </Unit0>
      <Unit1>
        <Filename Value="../YELENA0-130605-1/unit1.pas"/>
        <ComponentName Value="Form1"/>
        <HasResources Value="True"/>
        <ResourceBaseClass Value="Form"/>
        <UnitName Value="Unit1"/>
        <TopLine Value="1908"/>
        <CursorPos X="1" Y="1915"/>
        <UsageCount Value="157"/>
      </Unit1>
      <Unit2>
        <Filename Value="/usr/lib/lazarus/0.9.30.4/lcl/include/customimage.inc"/>
        <TopLine Value="36"/>
        <CursorPos X="1" Y="48"/>
        <UsageCount Value="9"/>
      </Unit2>
      <Unit3>
        <Filename Value="/usr/lib/lazarus/0.9.30.4/lcl/include/canvas.inc"/>
        <TopLine Value="1668"/>
        <CursorPos X="16" Y="1683"/>
        <UsageCount Value="9"/>
      </Unit3>
      <Unit4>
        <Filename Value="/usr/lib/lazarus/0.9.30.4/lcl/controls.pp"/>
        <UnitName Value="Controls"/>
        <TopLine Value="133"/>
        <CursorPos X="25" Y="145"/>
        <UsageCount Value="2"/>
      </Unit4>
      <Unit5>
        <Filename Value="/usr/share/fpcsrc/2.4.0/rtl/objpas/classes/classesh.inc"/>
        <TopLine Value="91"/>
        <CursorPos X="29" Y="103"/>
        <UsageCount Value="9"/>
      </Unit5>
      <Unit6>
        <Filename Value="/usr/lib/lazarus/0.9.28.2/lcl/include/scrollbar.inc"/>
        <TopLine Value="89"/>
        <CursorPos X="1" Y="108"/>
        <UsageCount Value="1"/>
      </Unit6>
      <Unit7>
        <Filename Value="unit1.pas"/>
        <IsPartOfProject Value="True"/>
        <ComponentName Value="Form1"/>
        <HasResources Value="True"/>
        <ResourceBaseClass Value="Form"/>
        <UnitName Value="Unit1"/>
        <IsVisibleTab Value="True"/>
        <EditorIndex Value="0"/>
        <WindowIndex Value="0"/>
        <TopLine Value="2950"/>
        <CursorPos X="113" Y="2959"/>
        <UsageCount Value="202"/>
        <Loaded Value="True"/>
        <LoadedDesigner Value="True"/>
      </Unit7>
      <Unit8>
        <Filename Value="C:/lazarus/lcl/include/customform.inc"/>
        <WindowIndex Value="0"/>
        <TopLine Value="474"/>
        <CursorPos X="1" Y="484"/>
        <UsageCount Value="7"/>
      </Unit8>
      <Unit9>
        <Filename Value="E:/Programs/lazarus/lcl/dialogs.pp"/>
        <UnitName Value="Dialogs"/>
        <WindowIndex Value="0"/>
        <TopLine Value="607"/>
        <CursorPos X="22" Y="623"/>
        <UsageCount Value="10"/>
      </Unit9>
    </Units>
    <JumpHistory Count="25" HistoryIndex="24">
      <Position1>
        <Filename Value="unit1.pas"/>
        <Caret Line="301" Column="32" TopLine="286"/>
      </Position1>
      <Position2>
        <Filename Value="unit1.pas"/>
        <Caret Line="591" Column="44" TopLine="575"/>
      </Position2>
      <Position3>
        <Filename Value="unit1.pas"/>
        <Caret Line="608" Column="49" TopLine="593"/>
      </Position3>
      <Position4>
        <Filename Value="unit1.pas"/>
        <Caret Line="610" Column="17" TopLine="594"/>
      </Position4>
      <Position5>
        <Filename Value="unit1.pas"/>
        <Caret Line="714" Column="59" TopLine="698"/>
      </Position5>
      <Position6>
        <Filename Value="unit1.pas"/>
        <Caret Line="3261" Column="28" TopLine="3245"/>
      </Position6>
      <Position7>
        <Filename Value="unit1.pas"/>
        <Caret Line="3284" Column="19" TopLine="3269"/>
      </Position7>
      <Position8>
        <Filename Value="unit1.pas"/>
        <Caret Line="3316" Column="25" TopLine="3300"/>
      </Position8>
      <Position9>
        <Filename Value="unit1.pas"/>
        <Caret Line="3336" Column="19" TopLine="3320"/>
      </Position9>
      <Position10>
        <Filename Value="unit1.pas"/>
        <Caret Line="3802" Column="41" TopLine="3786"/>
      </Position10>
      <Position11>
        <Filename Value="unit1.pas"/>
        <Caret Line="4057" Column="54" TopLine="4041"/>
      </Position11>
      <Position12>
        <Filename Value="unit1.pas"/>
        <Caret Line="4062" Column="51" TopLine="4046"/>
      </Position12>
      <Position13>
        <Filename Value="unit1.pas"/>
        <Caret Line="4612" Column="15" TopLine="4599"/>
      </Position13>
      <Position14>
        <Filename Value="unit1.pas"/>
        <Caret Line="426" Column="30" TopLine="415"/>
      </Position14>
      <Position15>
        <Filename Value="unit1.pas"/>
        <Caret Line="1" Column="1" TopLine="1"/>
      </Position15>
      <Position16>
        <Filename Value="unit1.pas"/>
        <Caret Line="199" Column="11" TopLine="183"/>
      </Position16>
      <Position17>
        <Filename Value="unit1.pas"/>
        <Caret Line="3544" Column="28" TopLine="3526"/>
      </Position17>
      <Position18>
        <Filename Value="unit1.pas"/>
        <Caret Line="5317" Column="22" TopLine="5310"/>
      </Position18>
      <Position19>
        <Filename Value="unit1.pas"/>
        <Caret Line="1" Column="1" TopLine="1"/>
      </Position19>
      <Position20>
        <Filename Value="unit1.pas"/>
        <Caret Line="54" Column="78" TopLine="38"/>
      </Position20>
      <Position21>
        <Filename Value="unit1.pas"/>
        <Caret Line="126" Column="24" TopLine="110"/>
      </Position21>
      <Position22>
        <Filename Value="unit1.pas"/>
        <Caret Line="581" Column="17" TopLine="570"/>
      </Position22>
      <Position23>
        <Filename Value="unit1.pas"/>
        <Caret Line="1" Column="1" TopLine="1"/>
      </Position23>
      <Position24>
        <Filename Value="unit1.pas"/>
        <Caret Line="265" Column="28" TopLine="249"/>
      </Position24>
      <Position25>
        <Filename Value="unit1.pas"/>
        <Caret Line="2959" Column="116" TopLine="2950"/>
      </Position25>
    </JumpHistory>
  </ProjectOptions>
  <CompilerOptions>
    <Version Value="11"/>
    <Target>
      <Filename Value="projecthelena"/>
    </Target>
    <SearchPaths>
      <IncludeFiles Value="$(ProjOutDir)"/>
      <UnitOutputDirectory Value="lib/$(TargetCPU)-$(TargetOS)"/>
    </SearchPaths>
    <Parsing>
      <SyntaxOptions>
        <UseAnsiStrings Value="False"/>
      </SyntaxOptions>
    </Parsing>
    <Linking>
      <Options>
        <Win32>
          <GraphicApplication Value="True"/>
        </Win32>
      </Options>
    </Linking>
    <Other>
      <CompilerPath Value="$(CompPath)"/>
    </Other>
  </CompilerOptions>
  <Debugging>
    <Exceptions Count="3">
      <Item1>
        <Name Value="EAbort"/>
      </Item1>
      <Item2>
        <Name Value="ECodetoolError"/>
      </Item2>
      <Item3>
        <Name Value="EFOpenError"/>
      </Item3>
    </Exceptions>
  </Debugging>
</CONFIG>
