<?xml version="1.0"?>
<CONFIG>
  <ProjectOptions>
    <Version Value="9"/>
    <General>
      <MainUnit Value="0"/>
      <Title Value="Project Helena"/>
      <UseXPManifest Value="True"/>
      <Icon Value="0"/>
      <ActiveWindowIndexAtStart Value="0"/>
    </General>
    <BuildModes Count="1">
      <Item1 Name="default" Default="True"/>
    </BuildModes>
    <PublishOptions>
      <Version Value="2"/>
      <IncludeFileFilter Value="*.(pas|pp|inc|lfm|lpr|lrs|lpi|lpk|sh|xml)"/>
      <ExcludeFileFilter Value="*.(bak|ppu|o|so);*~;backup"/>
    </PublishOptions>
    <RunParams>
      <local>
        <FormatVersion Value="1"/>
        <LaunchingApplication PathPlusParams="/usr/X11R6/bin/xterm -T 'Lazarus Run Output' -e $(LazarusDir)/tools/runwait.sh $(TargetCmdLine)"/>
      </local>
    </RunParams>
    <RequiredPackages Count="1">
      <Item1>
        <PackageName Value="LCL"/>
      </Item1>
    </RequiredPackages>
    <Units Count="9">
      <Unit0>
        <Filename Value="projecthelena.lpr"/>
        <IsPartOfProject Value="True"/>
        <UnitName Value="projecthelena"/>
        <WindowIndex Value="0"/>
        <TopLine Value="1"/>
        <CursorPos X="36" Y="3"/>
        <UsageCount Value="200"/>
      </Unit0>
      <Unit1>
        <Filename Value="../YELENA0-130605-1/unit1.pas"/>
        <ComponentName Value="Form1"/>
        <HasResources Value="True"/>
        <ResourceBaseClass Value="Form"/>
        <UnitName Value="Unit1"/>
        <TopLine Value="1908"/>
        <CursorPos X="1" Y="1915"/>
        <UsageCount Value="159"/>
      </Unit1>
      <Unit2>
        <Filename Value="/usr/lib/lazarus/0.9.30.4/lcl/include/customimage.inc"/>
        <TopLine Value="36"/>
        <CursorPos X="1" Y="48"/>
        <UsageCount Value="1"/>
      </Unit2>
      <Unit3>
        <Filename Value="/usr/lib/lazarus/0.9.30.4/lcl/include/canvas.inc"/>
        <TopLine Value="1668"/>
        <CursorPos X="16" Y="1683"/>
        <UsageCount Value="1"/>
      </Unit3>
      <Unit4>
        <Filename Value="/usr/lib/lazarus/0.9.30.4/lcl/controls.pp"/>
        <UnitName Value="Controls"/>
        <TopLine Value="133"/>
        <CursorPos X="25" Y="145"/>
        <UsageCount Value="4"/>
      </Unit4>
      <Unit5>
        <Filename Value="/usr/share/fpcsrc/2.4.0/rtl/objpas/classes/classesh.inc"/>
        <TopLine Value="91"/>
        <CursorPos X="29" Y="103"/>
        <UsageCount Value="1"/>
      </Unit5>
      <Unit6>
        <Filename Value="/usr/lib/lazarus/0.9.28.2/lcl/include/scrollbar.inc"/>
        <TopLine Value="89"/>
        <CursorPos X="1" Y="108"/>
        <UsageCount Value="3"/>
      </Unit6>
      <Unit7>
        <Filename Value="unit1.pas"/>
        <IsPartOfProject Value="True"/>
        <ComponentName Value="Form1"/>
        <HasResources Value="True"/>
        <ResourceBaseClass Value="Form"/>
        <UnitName Value="Unit1"/>
        <IsVisibleTab Value="True"/>
        <EditorIndex Value="0"/>
        <WindowIndex Value="0"/>
        <TopLine Value="4076"/>
        <CursorPos X="32" Y="4085"/>
        <UsageCount Value="202"/>
        <Loaded Value="True"/>
        <LoadedDesigner Value="True"/>
      </Unit7>
      <Unit8>
        <Filename Value="C:/lazarus/lcl/include/customform.inc"/>
        <WindowIndex Value="0"/>
        <TopLine Value="474"/>
        <CursorPos X="1" Y="484"/>
        <UsageCount Value="9"/>
      </Unit8>
    </Units>
    <JumpHistory Count="30" HistoryIndex="29">
      <Position1>
        <Filename Value="unit1.pas"/>
        <Caret Line="1" Column="1" TopLine="1"/>
      </Position1>
      <Position2>
        <Filename Value="unit1.pas"/>
        <Caret Line="50" Column="24" TopLine="34"/>
      </Position2>
      <Position3>
        <Filename Value="unit1.pas"/>
        <Caret Line="2736" Column="75" TopLine="2735"/>
      </Position3>
      <Position4>
        <Filename Value="unit1.pas"/>
        <Caret Line="2738" Column="15" TopLine="2734"/>
      </Position4>
      <Position5>
        <Filename Value="unit1.pas"/>
        <Caret Line="2744" Column="85" TopLine="2734"/>
      </Position5>
      <Position6>
        <Filename Value="unit1.pas"/>
        <Caret Line="2750" Column="69" TopLine="2734"/>
      </Position6>
      <Position7>
        <Filename Value="unit1.pas"/>
        <Caret Line="2753" Column="34" TopLine="2737"/>
      </Position7>
      <Position8>
        <Filename Value="unit1.pas"/>
        <Caret Line="2755" Column="18" TopLine="2739"/>
      </Position8>
      <Position9>
        <Filename Value="unit1.pas"/>
        <Caret Line="2756" Column="60" TopLine="2740"/>
      </Position9>
      <Position10>
        <Filename Value="unit1.pas"/>
        <Caret Line="2757" Column="62" TopLine="2741"/>
      </Position10>
      <Position11>
        <Filename Value="unit1.pas"/>
        <Caret Line="2758" Column="60" TopLine="2742"/>
      </Position11>
      <Position12>
        <Filename Value="unit1.pas"/>
        <Caret Line="2759" Column="65" TopLine="2743"/>
      </Position12>
      <Position13>
        <Filename Value="unit1.pas"/>
        <Caret Line="2760" Column="61" TopLine="2744"/>
      </Position13>
      <Position14>
        <Filename Value="unit1.pas"/>
        <Caret Line="2796" Column="43" TopLine="2780"/>
      </Position14>
      <Position15>
        <Filename Value="unit1.pas"/>
        <Caret Line="2936" Column="35" TopLine="2920"/>
      </Position15>
      <Position16>
        <Filename Value="unit1.pas"/>
        <Caret Line="2988" Column="47" TopLine="2972"/>
      </Position16>
      <Position17>
        <Filename Value="unit1.pas"/>
        <Caret Line="2991" Column="54" TopLine="2975"/>
      </Position17>
      <Position18>
        <Filename Value="unit1.pas"/>
        <Caret Line="3003" Column="74" TopLine="2987"/>
      </Position18>
      <Position19>
        <Filename Value="unit1.pas"/>
        <Caret Line="4061" Column="15" TopLine="4045"/>
      </Position19>
      <Position20>
        <Filename Value="unit1.pas"/>
        <Caret Line="4086" Column="56" TopLine="4070"/>
      </Position20>
      <Position21>
        <Filename Value="unit1.pas"/>
        <Caret Line="4088" Column="19" TopLine="4078"/>
      </Position21>
      <Position22>
        <Filename Value="unit1.pas"/>
        <Caret Line="1" Column="1" TopLine="1"/>
      </Position22>
      <Position23>
        <Filename Value="unit1.pas"/>
        <Caret Line="2736" Column="96" TopLine="2732"/>
      </Position23>
      <Position24>
        <Filename Value="unit1.pas"/>
        <Caret Line="2989" Column="1" TopLine="2978"/>
      </Position24>
      <Position25>
        <Filename Value="unit1.pas"/>
        <Caret Line="4088" Column="77" TopLine="4072"/>
      </Position25>
      <Position26>
        <Filename Value="unit1.pas"/>
        <Caret Line="1" Column="1" TopLine="1"/>
      </Position26>
      <Position27>
        <Filename Value="unit1.pas"/>
        <Caret Line="2736" Column="72" TopLine="2732"/>
      </Position27>
      <Position28>
        <Filename Value="unit1.pas"/>
        <Caret Line="4088" Column="1" TopLine="4075"/>
      </Position28>
      <Position29>
        <Filename Value="unit1.pas"/>
        <Caret Line="4060" Column="24" TopLine="4058"/>
      </Position29>
      <Position30>
        <Filename Value="unit1.pas"/>
        <Caret Line="4080" Column="51" TopLine="4070"/>
      </Position30>
    </JumpHistory>
  </ProjectOptions>
  <CompilerOptions>
    <Version Value="11"/>
    <Target>
      <Filename Value="projecthelena"/>
    </Target>
    <SearchPaths>
      <IncludeFiles Value="$(ProjOutDir)"/>
      <UnitOutputDirectory Value="lib/$(TargetCPU)-$(TargetOS)"/>
    </SearchPaths>
    <Parsing>
      <SyntaxOptions>
        <UseAnsiStrings Value="False"/>
      </SyntaxOptions>
    </Parsing>
    <Linking>
      <Options>
        <Win32>
          <GraphicApplication Value="True"/>
        </Win32>
      </Options>
    </Linking>
    <Other>
      <CompilerPath Value="$(CompPath)"/>
    </Other>
  </CompilerOptions>
  <Debugging>
    <Exceptions Count="3">
      <Item1>
        <Name Value="EAbort"/>
      </Item1>
      <Item2>
        <Name Value="ECodetoolError"/>
      </Item2>
      <Item3>
        <Name Value="EFOpenError"/>
      </Item3>
    </Exceptions>
  </Debugging>
</CONFIG>
